{
    "_meta": {
        "hash": {
            "sha256": "5c16e20a67c73101d465516d657e21c6c1d3f853ae16dcfe782b7f9e8ba139e5"
        },
        "pipfile-spec": 6,
        "requires": {
            "python_version": "3"
        },
        "sources": [
            {
                "name": "pypi",
                "url": "https://pypi.org/simple",
                "verify_ssl": true
            }
        ]
    },
    "default": {
        "aiosmtpd": {
            "hashes": [
                "sha256:f821fe424b703b2ea391dc2df11d89d2afd728af27393e13cf1a3530f19fdc5e",
                "sha256:f9243b7dfe00aaf567da8728d891752426b51392174a34d2cf5c18053b63dcbc"
            ],
            "index": "pypi",
            "markers": "python_version ~= '3.7'",
            "version": "==1.4.4.post2"
        },
        "atpublic": {
            "hashes": [
                "sha256:0f40433219e124edf115c6c363808ca6f0e1cfa7d160d86b2fb94793086d1294",
                "sha256:80057c55641253b86dcb68b524f82328172371b6547d4c7462a9127fbfbbabfc"
            ],
            "markers": "python_version >= '3.8'",
            "version": "==4.0"
        },
        "attrs": {
            "hashes": [
                "sha256:935dc3b529c262f6cf76e50877d35a4bd3c1de194fd41f47a2b7ae8f19971f30",
                "sha256:99b87a485a5820b23b879f04c2305b44b951b502fd64be915879d77a7e8fc6f1"
            ],
            "markers": "python_version >= '3.7'",
            "version": "==23.2.0"
        },
        "python-jata": {
            "hashes": [
                "sha256:3c05e3008721ebf19b95b6c51495afa9df6017f88356e4d48853034a20011579",
                "sha256:ff4cd7ca75c9a8306b69ef6e878c296a5602f3279c6f9a82b6105b8eba764760"
            ],
            "index": "pypi",
            "markers": "python_version >= '3.8'",
            "version": "==1.2"
        }
    },
    "develop": {}
}
