{
    "_meta": {
        "hash": {
            "sha256": "5c16e20a67c73101d465516d657e21c6c1d3f853ae16dcfe782b7f9e8ba139e5"
        },
        "pipfile-spec": 6,
        "requires": {
            "python_version": "3"
        },
        "sources": [
            {
                "name": "pypi",
                "url": "https://pypi.org/simple",
                "verify_ssl": true
            }
        ]
    },
    "default": {
        "aiosmtpd": {
            "hashes": [
                "sha256:5a811826e1a5a06c25ebc3e6c4a704613eb9a1bcf6b78428fbe865f4f6c9a4b8",
                "sha256:72c99179ba5aa9ae0abbda6994668239b64a5ce054471955fe75f581d2592475"
            ],
            "index": "pypi",
            "markers": "python_version >= '3.8'",
            "version": "==1.4.6"
        },
        "atpublic": {
            "hashes": [
                "sha256:d1c8cd931af7461f6d18bc6063383e8654d9e9ef19d58ee6dc01e8515bbf55df",
                "sha256:df90de1162b1a941ee486f484691dc7c33123ee638ea5d6ca604061306e0fdde"
            ],
            "markers": "python_version >= '3.8'",
            "version": "==4.1.0"
        },
        "attrs": {
            "hashes": [
                "sha256:935dc3b529c262f6cf76e50877d35a4bd3c1de194fd41f47a2b7ae8f19971f30",
                "sha256:99b87a485a5820b23b879f04c2305b44b951b502fd64be915879d77a7e8fc6f1"
            ],
            "markers": "python_version >= '3.7'",
            "version": "==23.2.0"
        },
        "python-jata": {
            "hashes": [
                "sha256:3c05e3008721ebf19b95b6c51495afa9df6017f88356e4d48853034a20011579",
                "sha256:ff4cd7ca75c9a8306b69ef6e878c296a5602f3279c6f9a82b6105b8eba764760"
            ],
            "index": "pypi",
            "markers": "python_version >= '3.8'",
            "version": "==1.2"
        }
    },
    "develop": {}
}
