{
    "_meta": {
        "hash": {
            "sha256": "6855597726a44b85fab69f61e906c6c6082a751642724c4ce13e3ddbece06d64"
        },
        "pipfile-spec": 6,
        "requires": {
            "python_version": "3.8"
        },
        "sources": [
            {
                "name": "pypi",
                "url": "https://pypi.org/simple",
                "verify_ssl": true
            }
        ]
    },
    "default": {
        "aiosmtpd": {
            "hashes": [
                "sha256:b7ea7ee663f3b8514d3224d55c4e8827148277b124ea862a0bbfca1bc899aef5"
            ],
            "index": "pypi",
            "version": "==1.2"
        },
        "atpublic": {
            "hashes": [
                "sha256:7dca670499e9a9d3aae5a8914bc799475fe24be3bcd29c8129642dda665f7a44"
            ],
            "version": "==1.0"
        }
    },
    "develop": {}
}
